
Microsoft Visual Studio Solution File, Format Version 12.00
# Visual Studio Version 17
VisualStudioVersion = 17.1.32328.378
MinimumVisualStudioVersion = 10.0.40219.1
Project("{9A19103F-16F7-4668-BE54-9A1E7A4F7556}") = "Labs1", "Labs1\Labs1.csproj", "{A5CC8FFC-DB75-4C3D-BC95-CA9D575E294E}"
EndProject
Project("{9A19103F-16F7-4668-BE54-9A1E7A4F7556}") = "ClassLibrary", "ClassLibrary\ClassLibrary.csproj", "{2BB104F8-247E-4804-ADB1-50A418B74E57}"
EndProject
Project("{FAE04EC0-301F-11D3-BF4B-00C04F79EFBC}") = "Labs2", "Labs2\Labs2.csproj", "{DAF4183C-4400-4BE9-840E-58777B5B2A12}"
EndProject
Project("{FAE04EC0-301F-11D3-BF4B-00C04F79EFBC}") = "Block3Lab", "Block3Lab\Block3Lab.csproj", "{7EA03961-E744-425C-895D-219ABA73FF36}"
EndProject
Project("{FAE04EC0-301F-11D3-BF4B-00C04F79EFBC}") = "Block3LabLibrary", "Block3LabLibrary\Block3LabLibrary.csproj", "{1527DA3A-BB41-46D1-8FD3-A5961D774F38}"
EndProject
Global
	GlobalSection(SolutionConfigurationPlatforms) = preSolution
		Debug|Any CPU = Debug|Any CPU
		Release|Any CPU = Release|Any CPU
	EndGlobalSection
	GlobalSection(ProjectConfigurationPlatforms) = postSolution
		{A5CC8FFC-DB75-4C3D-BC95-CA9D575E294E}.Debug|Any CPU.ActiveCfg = Debug|Any CPU
		{A5CC8FFC-DB75-4C3D-BC95-CA9D575E294E}.Debug|Any CPU.Build.0 = Debug|Any CPU
		{A5CC8FFC-DB75-4C3D-BC95-CA9D575E294E}.Release|Any CPU.ActiveCfg = Release|Any CPU
		{A5CC8FFC-DB75-4C3D-BC95-CA9D575E294E}.Release|Any CPU.Build.0 = Release|Any CPU
		{2BB104F8-247E-4804-ADB1-50A418B74E57}.Debug|Any CPU.ActiveCfg = Debug|Any CPU
		{2BB104F8-247E-4804-ADB1-50A418B74E57}.Debug|Any CPU.Build.0 = Debug|Any CPU
		{2BB104F8-247E-4804-ADB1-50A418B74E57}.Release|Any CPU.ActiveCfg = Release|Any CPU
		{2BB104F8-247E-4804-ADB1-50A418B74E57}.Release|Any CPU.Build.0 = Release|Any CPU
		{DAF4183C-4400-4BE9-840E-58777B5B2A12}.Debug|Any CPU.ActiveCfg = Debug|Any CPU
		{DAF4183C-4400-4BE9-840E-58777B5B2A12}.Debug|Any CPU.Build.0 = Debug|Any CPU
		{DAF4183C-4400-4BE9-840E-58777B5B2A12}.Release|Any CPU.ActiveCfg = Release|Any CPU
		{DAF4183C-4400-4BE9-840E-58777B5B2A12}.Release|Any CPU.Build.0 = Release|Any CPU
	EndGlobalSection
	GlobalSection(SolutionProperties) = preSolution
		HideSolutionNode = FALSE
	EndGlobalSection
	GlobalSection(ExtensibilityGlobals) = postSolution
		SolutionGuid = {1EABDE83-8CFB-4280-8C9D-0D7E9C2BD6E3}
	EndGlobalSection
EndGlobal
